
Microsoft Visual Studio Solution File, Format Version 12.00
# Visual Studio Version 17
VisualStudioVersion = 17.8.34330.188
MinimumVisualStudioVersion = 10.0.40219.1
Project("{FAE04EC0-301F-11D3-BF4B-00C04F79EFBC}") = "Ph-4_Proj-2", "Ph-4_Proj-2\Ph-4_Proj-2.csproj", "{76D791E0-74AF-41FC-9717-3749F631D5E8}"
EndProject
Project("{FAE04EC0-301F-11D3-BF4B-00C04F79EFBC}") = "School", "School\School.csproj", "{C8F03D0E-172E-4F0E-B3B7-057E78668406}"
EndProject
Global
	GlobalSection(SolutionConfigurationPlatforms) = preSolution
		Debug|Any CPU = Debug|Any CPU
		Release|Any CPU = Release|Any CPU
	EndGlobalSection
	GlobalSection(ProjectConfigurationPlatforms) = postSolution
		{76D791E0-74AF-41FC-9717-3749F631D5E8}.Debug|Any CPU.ActiveCfg = Debug|Any CPU
		{76D791E0-74AF-41FC-9717-3749F631D5E8}.Debug|Any CPU.Build.0 = Debug|Any CPU
		{76D791E0-74AF-41FC-9717-3749F631D5E8}.Release|Any CPU.ActiveCfg = Release|Any CPU
		{76D791E0-74AF-41FC-9717-3749F631D5E8}.Release|Any CPU.Build.0 = Release|Any CPU
		{C8F03D0E-172E-4F0E-B3B7-057E78668406}.Debug|Any CPU.ActiveCfg = Debug|Any CPU
		{C8F03D0E-172E-4F0E-B3B7-057E78668406}.Debug|Any CPU.Build.0 = Debug|Any CPU
		{C8F03D0E-172E-4F0E-B3B7-057E78668406}.Release|Any CPU.ActiveCfg = Release|Any CPU
		{C8F03D0E-172E-4F0E-B3B7-057E78668406}.Release|Any CPU.Build.0 = Release|Any CPU
	EndGlobalSection
	GlobalSection(SolutionProperties) = preSolution
		HideSolutionNode = FALSE
	EndGlobalSection
	GlobalSection(ExtensibilityGlobals) = postSolution
		SolutionGuid = {F52B0B18-A674-43B4-8128-E7033BCD2A8E}
	EndGlobalSection
EndGlobal
